
Microsoft Visual Studio Solution File, Format Version 12.00
# Visual Studio Version 17
VisualStudioVersion = 17.5.33424.131
MinimumVisualStudioVersion = 10.0.40219.1
Project("{FAE04EC0-301F-11D3-BF4B-00C04F79EFBC}") = "EnglishApp", "EnglishApp\EnglishApp.csproj", "{56D572A3-8EE6-478C-B62F-A686E730E072}"
EndProject
Global
	GlobalSection(SolutionConfigurationPlatforms) = preSolution
		Debug|Any CPU = Debug|Any CPU
		Release|Any CPU = Release|Any CPU
	EndGlobalSection
	GlobalSection(ProjectConfigurationPlatforms) = postSolution
		{56D572A3-8EE6-478C-B62F-A686E730E072}.Debug|Any CPU.ActiveCfg = Debug|Any CPU
		{56D572A3-8EE6-478C-B62F-A686E730E072}.Debug|Any CPU.Build.0 = Debug|Any CPU
		{56D572A3-8EE6-478C-B62F-A686E730E072}.Release|Any CPU.ActiveCfg = Release|Any CPU
		{56D572A3-8EE6-478C-B62F-A686E730E072}.Release|Any CPU.Build.0 = Release|Any CPU
	EndGlobalSection
	GlobalSection(SolutionProperties) = preSolution
		HideSolutionNode = FALSE
	EndGlobalSection
	GlobalSection(ExtensibilityGlobals) = postSolution
		SolutionGuid = {459453D7-BD3D-4763-8364-2AB80DBB82CC}
	EndGlobalSection
EndGlobal
